Microsoft Visual Studio Solution File, Format Version 12.00
# Visual Studio Version 17
VisualStudioVersion = 17.5.2.0
MinimumVisualStudioVersion = 10.0.40219.1
Project("{FAE04EC0-301F-11D3-BF4B-00C04F79EFBC}") = "exemplo-explorer", "exemplo-explorer.csproj", "{D574F579-8050-55E0-118A-9FE466C1736D}"
EndProject
Global
	GlobalSection(SolutionConfigurationPlatforms) = preSolution
		Debug|Any CPU = Debug|Any CPU
		Release|Any CPU = Release|Any CPU
	EndGlobalSection
	GlobalSection(ProjectConfigurationPlatforms) = postSolution
		{D574F579-8050-55E0-118A-9FE466C1736D}.Debug|Any CPU.ActiveCfg = Debug|Any CPU
		{D574F579-8050-55E0-118A-9FE466C1736D}.Debug|Any CPU.Build.0 = Debug|Any CPU
		{D574F579-8050-55E0-118A-9FE466C1736D}.Release|Any CPU.ActiveCfg = Release|Any CPU
		{D574F579-8050-55E0-118A-9FE466C1736D}.Release|Any CPU.Build.0 = Release|Any CPU
	EndGlobalSection
	GlobalSection(SolutionProperties) = preSolution
		HideSolutionNode = FALSE
	EndGlobalSection
	GlobalSection(ExtensibilityGlobals) = postSolution
		SolutionGuid = {A02D367F-D671-49C1-AACC-B67842F0CF6F}
	EndGlobalSection
EndGlobal
